
Microsoft Visual Studio Solution File, Format Version 12.00
Project("{FAE04EC0-301F-11D3-BF4B-00C04F79EFBC}") = "B2.Frontend", "B2.Frontend\B2.Frontend.csproj", "{07299E0A-8749-4CD7-ACE5-8BFA25F5669E}"
EndProject
Project("{FAE04EC0-301F-11D3-BF4B-00C04F79EFBC}") = "B2.Api", "B2.Api\B2.Api.csproj", "{EEA23386-347D-4AC8-98AB-B9F0D61B2996}"
EndProject
Project("{FAE04EC0-301F-11D3-BF4B-00C04F79EFBC}") = "B2.App", "B2.App\B2.App.csproj", "{DA9937CE-9B1E-467E-A66E-9A3FB9B23092}"
EndProject
Project("{FAE04EC0-301F-11D3-BF4B-00C04F79EFBC}") = "B2.Data", "B2.Data\B2.Data.csproj", "{BDDF497A-111D-45E5-8A99-4528A46EB1F2}"
EndProject
Global
	GlobalSection(SolutionConfigurationPlatforms) = preSolution
		Debug|Any CPU = Debug|Any CPU
		Release|Any CPU = Release|Any CPU
	EndGlobalSection
	GlobalSection(ProjectConfigurationPlatforms) = postSolution
		{07299E0A-8749-4CD7-ACE5-8BFA25F5669E}.Debug|Any CPU.ActiveCfg = Debug|Any CPU
		{07299E0A-8749-4CD7-ACE5-8BFA25F5669E}.Debug|Any CPU.Build.0 = Debug|Any CPU
		{07299E0A-8749-4CD7-ACE5-8BFA25F5669E}.Release|Any CPU.ActiveCfg = Release|Any CPU
		{07299E0A-8749-4CD7-ACE5-8BFA25F5669E}.Release|Any CPU.Build.0 = Release|Any CPU
		{EEA23386-347D-4AC8-98AB-B9F0D61B2996}.Debug|Any CPU.ActiveCfg = Debug|Any CPU
		{EEA23386-347D-4AC8-98AB-B9F0D61B2996}.Debug|Any CPU.Build.0 = Debug|Any CPU
		{EEA23386-347D-4AC8-98AB-B9F0D61B2996}.Release|Any CPU.ActiveCfg = Release|Any CPU
		{EEA23386-347D-4AC8-98AB-B9F0D61B2996}.Release|Any CPU.Build.0 = Release|Any CPU
		{DA9937CE-9B1E-467E-A66E-9A3FB9B23092}.Debug|Any CPU.ActiveCfg = Debug|Any CPU
		{DA9937CE-9B1E-467E-A66E-9A3FB9B23092}.Debug|Any CPU.Build.0 = Debug|Any CPU
		{DA9937CE-9B1E-467E-A66E-9A3FB9B23092}.Release|Any CPU.ActiveCfg = Release|Any CPU
		{DA9937CE-9B1E-467E-A66E-9A3FB9B23092}.Release|Any CPU.Build.0 = Release|Any CPU
		{BDDF497A-111D-45E5-8A99-4528A46EB1F2}.Debug|Any CPU.ActiveCfg = Debug|Any CPU
		{BDDF497A-111D-45E5-8A99-4528A46EB1F2}.Debug|Any CPU.Build.0 = Debug|Any CPU
		{BDDF497A-111D-45E5-8A99-4528A46EB1F2}.Release|Any CPU.ActiveCfg = Release|Any CPU
		{BDDF497A-111D-45E5-8A99-4528A46EB1F2}.Release|Any CPU.Build.0 = Release|Any CPU
	EndGlobalSection
EndGlobal
